
Microsoft Visual Studio Solution File, Format Version 12.00
# Visual Studio Version 17
VisualStudioVersion = 17.5.33502.453
MinimumVisualStudioVersion = 10.0.40219.1
Project("{FAE04EC0-301F-11D3-BF4B-00C04F79EFBC}") = "UsuariosApi", "UsuariosApi\UsuariosApi.csproj", "{08BB5F42-28C1-41E9-AC7C-355D7D20B01F}"
EndProject
Global
	GlobalSection(SolutionConfigurationPlatforms) = preSolution
		Debug|Any CPU = Debug|Any CPU
		Release|Any CPU = Release|Any CPU
	EndGlobalSection
	GlobalSection(ProjectConfigurationPlatforms) = postSolution
		{08BB5F42-28C1-41E9-AC7C-355D7D20B01F}.Debug|Any CPU.ActiveCfg = Debug|Any CPU
		{08BB5F42-28C1-41E9-AC7C-355D7D20B01F}.Debug|Any CPU.Build.0 = Debug|Any CPU
		{08BB5F42-28C1-41E9-AC7C-355D7D20B01F}.Release|Any CPU.ActiveCfg = Release|Any CPU
		{08BB5F42-28C1-41E9-AC7C-355D7D20B01F}.Release|Any CPU.Build.0 = Release|Any CPU
	EndGlobalSection
	GlobalSection(SolutionProperties) = preSolution
		HideSolutionNode = FALSE
	EndGlobalSection
	GlobalSection(ExtensibilityGlobals) = postSolution
		SolutionGuid = {4D3C06ED-CBC6-449E-8EB3-B813230D7FFA}
	EndGlobalSection
EndGlobal
